# Linux x86_64 packaging toolchain; explicit URLs and SHA-256 hashes.
@EXPLICIT
https://conda.anaconda.org/conda-forge/linux-64/_openmp_mutex-4.5-20_gnu.conda#1dd3fffd892081df9726d7eb7e0dea6198962ba775bd88842135a4ddb4deb3c9
https://conda.anaconda.org/conda-forge/noarch/_python_abi3_support-1.0-hd8ed1ab_3.conda#2a7204314663eeda5dec482a956f0e2eaf289bd5b9953eaaaad0e81aa64638f2
https://conda.anaconda.org/conda-forge/noarch/annotated-types-0.8.0-pyhd8ed1ab_0.conda#b8fcb994134d3918d1c64a9d62f4168ff85d5bfb89e698102fe4ed679fe0df24
https://conda.anaconda.org/conda-forge/noarch/anyio-4.15.1-pyh5ded981_1.conda#fc25a84c9c1ad4b48c136ad2363100e8b0faa3b0ab8985e61c9c8fa0b3431945
https://conda.anaconda.org/conda-forge/noarch/archspec-0.2.5-pyhd8ed1ab_0.conda#eb68e1ce9e9a148168a4b1e257a8feebffdb0664b557bb526a1e4853f2d2fc00
https://conda.anaconda.org/conda-forge/noarch/attrs-26.1.0-pyhcf101f3_0.conda#1b6124230bb4e571b1b9401537ecff575b7b109cc3a21ee019f65e083b8399ab
https://conda.anaconda.org/conda-forge/linux-64/backports.zstd-1.7.0-py311h6f959d0_1.conda#b6be9fb502245705469b05807e9a28d3265f7fdef765bd00d5132f40a0fda92b
https://conda.anaconda.org/conda-forge/noarch/beautifulsoup4-4.15.0-pyha770c72_0.conda#aed4b9dcf68ec2a75e5645fed14d77fd884d38d2e52bfa6ef4b278d90cd88781
https://conda.anaconda.org/conda-forge/noarch/boltons-26.2.0-pyhd8ed1ab_0.conda#8fd76dc72d31a8688159039cfbb17eabe21c65792a96b5245be04e5887c2291c
https://conda.anaconda.org/conda-forge/linux-64/brotli-python-1.2.0-py311heb3be6f_4.conda#d641ef23bdfce1b1a889845489fce65e00311d6ed22e6b345074ec07627db7d5
https://conda.anaconda.org/conda-forge/linux-64/bzip2-1.0.8-hda65f42_10.conda#1a0d382c515ebf55f8ee1f38c8b81bc95af5c2acc42ad53b66bc5df932032f96
https://conda.anaconda.org/conda-forge/linux-64/c-ares-1.34.8-hebe6cf0_2.conda#9c37cc233238adf366ea75b0e845662a5be07ceadf62e458183516369340274b
https://conda.anaconda.org/conda-forge/noarch/ca-certificates-2026.7.22-hbd8a1cb_0.conda#0a0544cf95f64394fe4959286f5c71f5444ad58feb0602e53becb27448d24da6
https://conda.anaconda.org/conda-forge/noarch/cached-property-2.0.1-pyhcf101f3_0.conda#39358005c3cc44d8315ed79789b18a960d69365be979970cc6bae8f7a6177703
https://conda.anaconda.org/conda-forge/noarch/cached_property-2.0.1-pyhcf101f3_0.conda#4bd96dab5a434e4ee59fb6910cae704d4c5b453907d4886272a9943d37e42b6f
https://conda.anaconda.org/conda-forge/noarch/certifi-2026.7.22-pyhd8ed1ab_0.conda#fb167de4388e64e52aa3907ed099afab944c1fa6e5f74b281a312dae1bcf7f3b
https://conda.anaconda.org/conda-forge/linux-64/chardet-7.6.0-py311h364832d_1.conda#7c65c89bdf92733e12b6ad7b6193ed3f41dd710647fd889e9de266aa7c6a0fe8
https://conda.anaconda.org/conda-forge/noarch/charset-normalizer-3.5.1-pyhd8ed1ab_0.conda#cb60ef3e0631c8bacb4f7057196dee4496091a22baa3bb4b9bccb12c7e1c921b
https://conda.anaconda.org/conda-forge/noarch/colorama-0.4.6-pyhd8ed1ab_1.conda#ab29d57dc70786c1269633ba3dff20288b81664d3ff8d21af995742e2bb03287
https://conda.anaconda.org/conda-forge/linux-64/conda-26.7.2-py311hf8ae3fa_1.conda#a18bbddcdaa207ed766b548f8ba77a7655233bf97fab338f1a0295d783823a51
https://conda.anaconda.org/conda-forge/noarch/conda-build-26.7.1-pyh31ec981_1.conda#32f9133d7011adde6dc7f4d1837319584d3451c2d4f28fd077d2cd5eae10e055
https://conda.anaconda.org/conda-forge/noarch/conda-index-0.13.0-pyh5ded981_0.conda#3629dea4698cf120bb62ac9b6908c9182902a62d743f7d81bb8ecfb42d45fcbe
https://conda.anaconda.org/conda-forge/noarch/conda-libmamba-solver-26.7.0-pyhcf101f3_0.conda#b7cc67470a361330edd8d9e331cafd4807dd77bc766ca197a3783ed3db66dfeb
https://conda.anaconda.org/conda-forge/noarch/conda-lockfiles-0.2.1-pyhd8ed1ab_0.conda#eb20fc63ce6438e10d7c64890bd23d0c68f62a479f2bae8b3c892e13949daf03
https://conda.anaconda.org/conda-forge/noarch/conda-package-handling-2.6.0-pyh5ded981_0.conda#34b3c276e8426d851c62b905014ef4c05cfcc090f052d7ec4da1dda53e10bc57
https://conda.anaconda.org/conda-forge/noarch/conda-package-streaming-0.13.0-pyhd8ed1ab_0.conda#af3b666ea6043a146901cd151d6201126bbe19af8307b58fb175015e3710064c
https://conda.anaconda.org/conda-forge/noarch/conda-pypi-0.12.0-pyh5ded981_0.conda#5c41f9946b00966e1c216697ed34219bf054cb1c2fc9a41d2934bdce0c15c48c
https://conda.anaconda.org/conda-forge/noarch/conda-rattler-solver-0.1.1-pyhcf101f3_0.conda#77ea286de14f5d2dd0c376627ec41d0c226ad94ad8b25262f36712070324aa05
https://conda.anaconda.org/conda-forge/noarch/conda-self-0.2.1-pyhd8ed1ab_0.conda#efd3b7b79a0e3993a174ab0140794479e2479b59fd053605acaaa25718f0f013
https://conda.anaconda.org/conda-forge/linux-64/cpp-expected-1.3.1-h171cf75_1.conda#6a905f317b93104444dc74875933a7cdf65fa14ae05dd6485ece6ffd9d0b5e89
https://conda.anaconda.org/conda-forge/noarch/cpython-3.11.16-py311hd8ed1ab_2.conda#be18e37b4ab19a72b2ceac449e4ad11e5e18756aeb1c2a5b7f8811bff0c2e030
https://conda.anaconda.org/conda-forge/noarch/distro-1.9.0-pyhd8ed1ab_1.conda#5603c7d0321963bb9b4030eadabc3fd7ca6103a38475b4e0ed13ed6d97c86f4e
https://conda.anaconda.org/conda-forge/noarch/evalidate-2.0.5-pyhe01879c_0.conda#e98899cec440273341378bcff0e47bc10a5dbdffc0e77a7bc7010ca9189e3b4f
https://conda.anaconda.org/conda-forge/noarch/filelock-3.32.6-pyhd8ed1ab_0.conda#f20f0d74a3e31131ec02e24dc555bcf1446bd275c968fc601ec86a8633f7608d
https://conda.anaconda.org/conda-forge/linux-64/fmt-12.1.0-h76c4fd7_1.conda#25d14a197601fdd616f2e501431b52887e69b31e7defbc1679381d718357ceb7
https://conda.anaconda.org/conda-forge/noarch/frozendict-2.4.7-pyh851646a_2.conda#32b75b9a3097c4156ba5070739bbfdcc0bc23890c0faa0dbff569ecb16b8f44f
https://conda.anaconda.org/conda-forge/noarch/h11-0.16.0-pyhcf101f3_1.conda#96cac6573fd35ae151f4d6979bab6fbc90cb6b1fb99054ba19eb075da9822fcb
https://conda.anaconda.org/conda-forge/noarch/h2-4.4.1-pyhcf101f3_0.conda#307dd6ec90140c3cf4171071b0e5e870abec314f4565c1edd5bc433e942cdcc0
https://conda.anaconda.org/conda-forge/noarch/hpack-4.2.0-pyhd8ed1ab_0.conda#fdcea5d7cb314485d3907192ef024c704311548c5b0cbeb390cd1951051e29d2
https://conda.anaconda.org/conda-forge/noarch/httpcore-1.0.9-pyh29332c3_0.conda#04d49cb3c42714ce533a8553986e1642d0549a05dc5cc48e0d43ff5be6679a5b
https://conda.anaconda.org/conda-forge/noarch/httpx-0.28.1-pyhd8ed1ab_0.conda#cd0f1de3697b252df95f98383e9edb1d00386bfdd03fdf607fa42fe5fcb09950
https://conda.anaconda.org/conda-forge/noarch/hyperframe-6.1.0-pyhd8ed1ab_0.conda#77af6f5fe8b62ca07d09ac60127a30d9069fdc3c68d6b256754d0ffb1f7779f8
https://conda.anaconda.org/conda-forge/linux-64/icu-78.3-py310h44b86e0_2.conda#9f07834f0c546ab14d885ce0366285f61f44e326c0edd1fc63b8294e113ae432
https://conda.anaconda.org/conda-forge/noarch/idna-3.19-pyhcf101f3_0.conda#1c35a59c1545ad0fdaddf1fbde7bcfa6ef41a8d68c3a2b0b4a291be00676163e
https://conda.anaconda.org/conda-forge/noarch/importlib-metadata-9.0.1-pyhcf101f3_0.conda#95a074a7d3f58b3494c068d4789c364dcb591c56b70ca6b12f149a540f9aeea4
https://conda.anaconda.org/conda-forge/noarch/jinja2-3.1.6-pyhcf101f3_1.conda#fc9ca7348a4f25fed2079f2153ecdcf5f9cf2a0bc36c4172420ca09e1849df7b
https://conda.anaconda.org/conda-forge/noarch/jsonschema-4.26.0-pyhcf101f3_1.conda#328756a4555941d57af4a5f553e5d8598e9f3b37db028f557e30f9f0b3086db6
https://conda.anaconda.org/conda-forge/noarch/jsonschema-specifications-2025.9.1-pyhcf101f3_0.conda#0a4f3b132f0faca10c89fdf3b60e15abb62ded6fa80aebfc007d05965192aa04
https://conda.anaconda.org/conda-forge/linux-64/keyutils-1.6.3-h7cc23a3_1.conda#dd053c96dcb0dcfd59422aefea9d2fe937a190167f34fba7893ec1e10a7e8963
https://conda.anaconda.org/conda-forge/linux-64/krb5-1.22.2-hbc21106_2.conda#2a5c38c85e63df84c4e69ee71439841ce570d259ae3060627bb9a49a938d66f4
https://conda.anaconda.org/conda-forge/linux-64/ld_impl_linux-64-2.46.1-default_hbd61a6d_102.conda#27d83f1188cd19bcb7754a078b3fa7f4cfb8527f8eb2fde54dd01fc529d1adec
https://conda.anaconda.org/conda-forge/linux-64/libarchive-3.8.9-gpl_h3152399_101.conda#bfae027a67d02325cd6b75edd60beb67cf24483af9df0ae9ef74d4438e41c806
https://conda.anaconda.org/conda-forge/linux-64/libcurl-8.22.0-ha042cf0_0.conda#483b7eb97f56fbb3a9cb7190d33012dfa0a5aaed99ede61465563cd97dd82504
https://conda.anaconda.org/conda-forge/linux-64/libedit-3.1.20250104-pl5321h373387f_1.conda#6473eb8caf2aae830f37caa93db9b26dddf7ac84b63229e8bf7fc0e5c3ab95b0
https://conda.anaconda.org/conda-forge/linux-64/libev-4.33-h280c20c_3.conda#e4418f68d01a6307c4431b585c71b584f40189877364e542ee87deb777f5e85b
https://conda.anaconda.org/conda-forge/linux-64/libexpat-2.8.1-hecca717_1.conda#16feffd9ddbbe5b718515d38ee376c685ba95491cd901244e24671d20b952a77
https://conda.anaconda.org/conda-forge/linux-64/libffi-3.7.0-h81df57d_1.conda#c8c7583ef063bc3c430f1d48298e5ad24f796a35c22ed5b14183325825a61106
https://conda.anaconda.org/conda-forge/linux-64/libgcc-16.2.0-ha9f2e26_4.conda#24090e675d34403b4ee1cd4372d8f6c0937da7ecfd66a19a57cac2ed0f4ea793
https://conda.anaconda.org/conda-forge/linux-64/libgomp-16.2.0-he0feb66_4.conda#0fe5cb8e0752241ab55e11656ed1b9726248b522d23b929fe7c95b83eb55b9bb
https://conda.anaconda.org/conda-forge/linux-64/libiconv-1.18-h0cb94f2_3.conda#f943117edb9cd4d9c61cc972eee5a34291dc55ea7a6e9e38da104995841cbcb6
https://conda.anaconda.org/conda-forge/linux-64/liblief-1.0.0-h45ba95f_5.conda#bd848f40d8b994790223b50dc6ecc8bb2bb03d81a6cebdccf2558f5dc5a116f5
https://conda.anaconda.org/conda-forge/linux-64/liblzma-5.8.3-hb03c661_1.conda#9787df8c22a59c9a70d3e5a10db9ad663485e75e9ccc3f09bd092cb7b95e0dab
https://conda.anaconda.org/conda-forge/linux-64/libmamba-2.9.0-py311h13990c4_1.conda#881e4e3fec8585afb92c51c10a48b0000963d773728bacc4fdfc40183412d657
https://conda.anaconda.org/conda-forge/linux-64/libmamba-spdlog-2.9.0-h7fab031_1.conda#0ebaca580c3264b27573893781a6bb5d5e496239dca7beaba13bddc4314fcbdf
https://conda.anaconda.org/conda-forge/linux-64/libmambapy-2.9.0-py311hb6bacf0_1.conda#df42234c40a84b7258fc36965a4659e2695446e75234af7595fe182a39a4b7ce
https://conda.anaconda.org/conda-forge/linux-64/libmsgpack-c-6.1.0-h54a6638_7.conda#c23ac21547d9fac6be14b6b3463dd29fb0fd4aba5c64c4a9876dfa6d2e3158a9
https://conda.anaconda.org/conda-forge/linux-64/libnghttp2-1.68.1-h74cf4be_1.conda#11a2f54a6f391e25738bce0023e6ef499600147bbcf21c1fa69d2e251b03cc6a
https://conda.anaconda.org/conda-forge/linux-64/libnsl-2.0.1-hb9d3cd8_1.conda#927fe72b054277cde6cb82597d0fcf6baf127dcbce2e0a9d8925a68f1265eef5
https://conda.anaconda.org/conda-forge/linux-64/libpsl-0.23.1-hd9e3e90_1.conda#09e8effdc89bc5d021349318d32b85594f5b8d8e3ab8f90a85b81f8fe695a566
https://conda.anaconda.org/conda-forge/linux-64/libpython-3.11.16-h0c77377_2_cpython.conda#9c945fbdc2292a8a39e412cb99672722c60ddf38b9002a52d5bd5954a0b25844
https://conda.anaconda.org/conda-forge/linux-64/libsolv-0.7.39-h72ddc62_1.conda#c55a7242db95609b6f0b56b49ef2f5c1796060c0a221bbca3d61fbe19bf05add
https://conda.anaconda.org/conda-forge/linux-64/libsqlite-3.53.4-h13e7031_1.conda#f20d70da54e5b31dd4a51fb1efeaafafd5ab6dd8d7ac9d1438eaa2526ac4ed3d
https://conda.anaconda.org/conda-forge/linux-64/libssh2-1.11.1-h6154650_1.conda#7e463000fa1cba3f3a6597b776f6ab301d425a96e3bc20d0d9d76a3b9f237aa3
https://conda.anaconda.org/conda-forge/linux-64/libstdcxx-16.2.0-h934c35e_4.conda#40b792b0186c1e8859280a1f6f19a54fc50a11b32724fc7b637009c1a9bd302b
https://conda.anaconda.org/conda-forge/linux-64/libuuid-2.42.3-hcfc3c73_0.conda#aa58bbba56644ffd062a4a9b358782c5eb7560ccead2ab8f7c5c6ede0a7d33a6
https://conda.anaconda.org/conda-forge/linux-64/libxcrypt-4.4.38-h280c20c_0.conda#f7e9292dd219a6435bbb1223da9586c3e70d66d169c5a92f08db3f2127df04e9
https://conda.anaconda.org/conda-forge/linux-64/libxml2-2.15.4-h7df9aa5_0.conda#053d85821ce5e36b7ce03faea5930382f6af695df9e2cd68e5d8d273072d1551
https://conda.anaconda.org/conda-forge/linux-64/libxml2-16-2.15.4-hf3af7cc_0.conda#9a1685c8d8b8488cd7882a9cd6e673e687211ca763ebbcd1e91b6f594eeadc45
https://conda.anaconda.org/conda-forge/linux-64/libzlib-1.3.2-h25fd6f3_3.conda#eb8a0db0aa570124f7d2a93d7c7f596e3390df5e047818d873baad32985fc736
https://conda.anaconda.org/conda-forge/linux-64/lz4-c-1.10.0-hee9eb32_2.conda#b8c0e930183e6b7f83cd35ace102f2b8c2f0faae41dc05255dc72f247dfc556a
https://conda.anaconda.org/conda-forge/linux-64/lzo-2.10-hebe6cf0_1003.conda#a0a1400198e5302d8367f2ed53437ee3cc41dbc463cb481921ce765578780b7a
https://conda.anaconda.org/conda-forge/linux-64/markupsafe-3.0.3-py311h3778330_1.conda#710e207b2e91308a34bcfe547c60ad86c1fa294827266ba18548c1fe1a9d8333
https://conda.anaconda.org/conda-forge/linux-64/mbedtls-4.0.0-hecca717_0.conda#6d32724f689f29bd9f94e363212ceaecad29c40e8d676bca378bd841255452e1
https://conda.anaconda.org/conda-forge/linux-64/menuinst-2.5.2-py311hf8ae3fa_2.conda#2a7c2a293883a28c27de71d016aa4a481312168af8b1a0f7076e462f4b6797d2
https://conda.anaconda.org/conda-forge/linux-64/msgpack-python-1.2.2-py311h4c6fd42_2.conda#68bf1fecf02957529d7f526cf183f245a2ab0f10c35a411a9e0c410827c01d22
https://conda.anaconda.org/conda-forge/linux-64/ncurses-6.6-hdb14827_1.conda#5d46557214ed184381dafe835b7c94a474a1c3b307a08a250b1ea4779b44ffb3
https://conda.anaconda.org/conda-forge/noarch/nlohmann_json-abi-3.12.0-h0f90c79_2.conda#30d271dd63391e053aa3c393c5d93fb622dec5d50a64107171ee28242660608e
https://conda.anaconda.org/conda-forge/linux-64/openssl-3.6.4-h781a0a9_0.conda#4747b2d6a8336f52343bceb8a1ebf41a9e6e665b9d2e3f989972de53a310599e
https://conda.anaconda.org/conda-forge/noarch/packaging-26.3-pyhc364b38_0.conda#c432626b16768b8dab228bfb706f7060c2d462a21c516d240f68f2f902b5a044
https://conda.anaconda.org/conda-forge/linux-64/patch-2.8-h280c20c_1003.conda#5d48e3826015befd1453f015870bd1db1cdcfe29e93001cb2d125b6f7c1da095
https://conda.anaconda.org/conda-forge/linux-64/patchelf-0.19.1-hee9eb32_1.conda#f138da28cd92824eb58ca11b3f9d5d6d32e1cbd31d7f5589ccda1a7398522b6b
https://conda.anaconda.org/conda-forge/noarch/pip-26.2.1-pyh8b19718_0.conda#c205bae42eb11b364fe3663a817cbcbc20a8ef544c6b2ff6f391013487117259
https://conda.anaconda.org/conda-forge/noarch/pkginfo-1.12.1.2-pyhd8ed1ab_0.conda#353fd5a2c3ce31811a6272cd328874eb0d327b1eafd32a1e19001c4ad137ad3a
https://conda.anaconda.org/conda-forge/noarch/platformdirs-4.11.8-pyh5ded981_0.conda#8cbae1fed8437e63c9bcc691927402edb3809fccb26b15eb095df7dd2eb73e5f
https://conda.anaconda.org/conda-forge/noarch/pluggy-1.6.0-pyhf9edf01_1.conda#e14aafa63efa0528ca99ba568eaf506eb55a0371d12e6250aaaa61718d2eb62e
https://conda.anaconda.org/conda-forge/linux-64/psutil-7.2.2-py311h194be0f_2.conda#91f9bf1c127f0328418f6a3b802fc905fdd951f46200eb3780c311325549e068
https://conda.anaconda.org/conda-forge/linux-64/py-lief-1.0.0-py311h4191637_5.conda#53710c847b0ffc8f597c091cf0573e1b6581ad6b53b227888ab414b811c62680
https://conda.anaconda.org/conda-forge/linux-64/py-rattler-0.25.0-py310hefeb9ab_5.conda#6bf07e71961b9c63169056f638ab00e0504f24b6d4c57e0bb6c5375b4a9bf89f
https://conda.anaconda.org/conda-forge/linux-64/py-rattler-build-0.72.2-py311h30674b1_1.conda#9e21508f1daf3d67b54267838fd999aaa83a9486d09df0b64af16f1e1389cd88
https://conda.anaconda.org/conda-forge/noarch/pybind11-abi-11-hc364b38_1.conda#9e7fe12f727acd2787fb5816b2049cef4604b7a00ad3e408c5e709c298ce8bf1
https://conda.anaconda.org/conda-forge/linux-64/pycosat-0.6.6-py311h0d48ccd_5.conda#e8d1f077b89df39e6dfe38b4ddb7498f55f65a57dd6c2cbc4f004928b432b4cd
https://conda.anaconda.org/conda-forge/noarch/pydantic-2.13.5-pyhcf101f3_0.conda#701ed8122021f62e1c9a46bdf4932ada911c10afa56ba0459f56da940bcbe5a7
https://conda.anaconda.org/conda-forge/linux-64/pydantic-core-2.46.5-py311ha6e1976_1.conda#155f6d81262674afcc33f59b8ea2ae1be7d2ba54934f02e8f606dffa53749067
https://conda.anaconda.org/conda-forge/noarch/pyproject_hooks-1.2.0-pyhd8ed1ab_1.conda#065ac44591da9abf1ff740feb25929554b920b00d09287a551fcced2c9791092
https://conda.anaconda.org/conda-forge/noarch/pysocks-1.7.1-pyha55dd90_7.conda#ba3b032fa52709ce0d9fd388f63d330a026754587a2f461117cac9ab73d8d0d8
https://conda.anaconda.org/conda-forge/linux-64/python-3.11.16-h5f976f7_2_cpython.conda#35375a255970809e8b0a1c744d56533f4da5339769ef5f5a24fe165ca321fcf3
https://conda.anaconda.org/conda-forge/noarch/python-build-1.6.0-pyhc364b38_0.conda#d5bad775346fbd21cce7922b29cab2587fe599517654de65c3d2fe50a7126279
https://conda.anaconda.org/conda-forge/noarch/python-gil-3.11.16-hd8ed1ab_2.conda#caec48ea90cf78622e923366d405ec29a419d916cb1690c2319ef76f984b9233
https://conda.anaconda.org/conda-forge/noarch/python-installer-1.0.1-pyh332efcf_0.conda#9c18fa1ebd0c839b6ea12e99d510a0968c2288cc423185cb34bf7332b97684e9
https://conda.anaconda.org/conda-forge/noarch/python-libarchive-c-5.3-pyhe01879c_1.conda#1d95b449b0574dc9905ba575a7c1e2fdf8b42129b488407a95afa80fde97c9c8
https://conda.anaconda.org/conda-forge/noarch/python_abi-3.11-9_cp311.conda#bcfbad269758f4617035314fe379ee655bc2d9db5282e7a00d61450b7cefa3cf
https://conda.anaconda.org/conda-forge/linux-64/pyyaml-6.0.3-py311h3778330_1.conda#c9a6cd2c290d7c3d2b30ea34a0ccda30f770e8ddb2937871f2c404faf60d0050
https://conda.anaconda.org/conda-forge/linux-64/readline-8.3-hd6e31c0_1.conda#01b3fe073a66e321970d09e04b388708f8cbdca5cdfbfcb7c9eeb470ad10383d
https://conda.anaconda.org/conda-forge/noarch/referencing-0.37.0-pyhcf101f3_0.conda#0577eedfb347ff94d0f2fa6c052c502989b028216996b45c7f21236f25864414
https://conda.anaconda.org/conda-forge/linux-64/reproc-14.2.8.post0-hee9eb32_0.conda#fc23277984a1bfff6edfaf4956484f3daa2f6271035050480eddb3c4c9076d46
https://conda.anaconda.org/conda-forge/linux-64/reproc-cpp-14.2.8.post0-h1c70be6_0.conda#86baa58c2aa797fc9c60d8dac7c9b084651464fcad2c6a2bea8036fcc1d3dd7d
https://conda.anaconda.org/conda-forge/noarch/requests-2.34.2-pyhcf101f3_0.conda#1715246b19c9f85ee022933b4845f2fc14ac9184981b7b7d9b728bec8e9588da
https://conda.anaconda.org/conda-forge/linux-64/ripgrep-15.2.0-hf19af3b_1.conda#47922fad56e78fbcda015396644a0dbe7ffda1313a1047f74709905679835f57
https://conda.anaconda.org/conda-forge/linux-64/rpds-py-2026.6.3-py311ha6e1976_2.conda#0f7b992bd71ceed91e1d753b89aa420d848c661bdce0cfc44fdab760bdb12551
https://conda.anaconda.org/conda-forge/noarch/ruamel.yaml-0.19.1-pyhcf101f3_0.conda#b48bebe297a63ae60f52e50be328262e880702db4d9b4e86731473ada459c2a1
https://conda.anaconda.org/conda-forge/linux-64/ruamel.yaml.clib-0.2.15-py311h194be0f_5.conda#1ebd313d88ab117c3d9a1597692b6156a6f99f9a1297a0072c90f414d01b6b11
https://conda.anaconda.org/conda-forge/noarch/setuptools-84.0.0-pyh332efcf_0.conda#9e200ee5f9ff19a4d94e4b51c4856d53dec849f91032f345cf0c6bc3d51a7183
https://conda.anaconda.org/conda-forge/linux-64/simdjson-4.6.11-h4dbf13b_0.conda#e313740ff17c7912994225ad62c795ef0fdc19d7e6a08a4e6bff3e597205f79c
https://conda.anaconda.org/conda-forge/noarch/sniffio-1.3.1-pyhd8ed1ab_2.conda#dce518f45e24cd03f401cb0616917773159a210c19d601c5f2d4e0e5879d30ad
https://conda.anaconda.org/conda-forge/noarch/soupsieve-2.9.2-pyhd8ed1ab_0.conda#056d7a2e91e303a9ee37e580f6dde0511fc3fb72476581cc337aacf2cc747613
https://conda.anaconda.org/conda-forge/linux-64/spdlog-1.17.0-hb6aa676_2.conda#5fca627690d56c6f87a9dabafceee54cb75d7da392309bb080333948c048365a
https://conda.anaconda.org/conda-forge/linux-64/tk-8.6.13-noxft_h1df4ec4_4.conda#a1a241d172c1ccab067ba245206dd048bc3c2d1b84504b53c9468e99adfc16a1
https://conda.anaconda.org/conda-forge/noarch/tomli-2.4.1-pyhcf101f3_0.conda#91cafdb64268e43e0e10d30bd1bef5af392e69f00edd34dfaf909f69ab2da6bd
https://conda.anaconda.org/conda-forge/noarch/tomli-w-1.2.0-pyhd8ed1ab_0.conda#304834f2438017921d69f05b3f5a6394b42dc89a90a6128a46acbf8160d377f6
https://conda.anaconda.org/conda-forge/noarch/tqdm-4.70.0-pyh8f84b5b_0.conda#a4d9e9da15b13f1ab047e7db412e2ed564bc615832e80213cf129b973c3abf4a
https://conda.anaconda.org/conda-forge/noarch/truststore-0.10.4-pyhcf101f3_0.conda#eece5be81588c39a855a0b70da84e0febb878a6d91dd27d6d21370ce9e5c5a46
https://conda.anaconda.org/conda-forge/noarch/typing-extensions-4.16.0-h69aa097_0.conda#b141933ece3518f6d7b75dfb59451e2f26b405a44c18e2518a83e9a02e09315c
https://conda.anaconda.org/conda-forge/noarch/typing-inspection-0.4.4-pyhcf101f3_0.conda#293c66b208468d186a94ff486c2ffbf67859a2bde8c88e965fc9d06c517191b2
https://conda.anaconda.org/conda-forge/noarch/typing_extensions-4.16.0-pyhcf101f3_0.conda#2d888f90af0686044882c74193ec80a90ec1943145d94a7b1b048958acda1848
https://conda.anaconda.org/conda-forge/noarch/tzdata-2026c-h151e31d_0.conda#b928c30ddcb0e3f544c6eade8352737e6e610e263276b90232db6a578ef899d8
https://conda.anaconda.org/conda-forge/noarch/unearth-0.18.3-pyhd8ed1ab_0.conda#00a56cdd16bf3a398f6e87d7696c92a3012d823b8e42ba7d3bda2ec2fa5d8947
https://conda.anaconda.org/conda-forge/noarch/urllib3-2.7.0-pyhd8ed1ab_0.conda#feff959a816f7988a0893201aa9727bbb7ee1e9cec2c4f0428269b489eb93fb4
https://conda.anaconda.org/conda-forge/noarch/wheel-0.48.0-pyhd8ed1ab_0.conda#ba64b29b6d418024cb565081a1799262cb2780d2534ff4c14f76aa858c4286cd
https://conda.anaconda.org/conda-forge/linux-64/yaml-0.2.5-hebe6cf0_3.conda#d164dfa75ecd538f6fd68765defcc06aa875bc697b9b215362d79a2a73125dd0
https://conda.anaconda.org/conda-forge/linux-64/yaml-cpp-0.8.0-h54a6638_1.conda#425808ebd2a20bfc460995293995e1fa0510e93c300535e2ec3622bd3d84288c
https://conda.anaconda.org/conda-forge/noarch/zipp-4.1.0-pyhcf101f3_0.conda#210bd31c22bb88f5e2a167df24c95bb5f152b2ada7502f9b8c49d1f5366db423
https://conda.anaconda.org/conda-forge/linux-64/zstd-1.5.7-hb78ec9c_7.conda#47d682b9f6d6ec9eb1a6e6c3e75ea6273e899e78fb7fc59f81d39745009fbc60
