# Phase 1 Linux x86_64 environment; SHA256-pinned packages.
# Generated with micromamba 2.3.2 list --explicit --sha256.
@EXPLICIT
https://conda.anaconda.org/conda-forge/linux-64/_openmp_mutex-4.5-20_gnu.conda#1dd3fffd892081df9726d7eb7e0dea6198962ba775bd88842135a4ddb4deb3c9
https://conda.anaconda.org/conda-forge/noarch/_r-mutex-1.0.1-anacondar_1.tar.bz2#e58f9eeb416b92b550e824bcb1b9fb1958dee69abfe3089dfd1a9173e3a0528a
https://conda.anaconda.org/conda-forge/linux-64/binutils_impl_linux-64-2.46.1-default_hfdba357_102.conda#fb7bf36984a37ce7e4714d1d1da0bd0e3bfc679520f5cdc184afc676fd4b5da2
https://conda.anaconda.org/conda-forge/linux-64/bwidget-1.10.1-hfc2019e_3.conda#5451e5d9abe192438f9efe8c0737c6ac0ddd6cfb932cb88e2ef2f88e97fc3c3a
https://conda.anaconda.org/conda-forge/linux-64/bzip2-1.0.8-hda65f42_10.conda#1a0d382c515ebf55f8ee1f38c8b81bc95af5c2acc42ad53b66bc5df932032f96
https://conda.anaconda.org/conda-forge/linux-64/c-ares-1.34.8-hebe6cf0_2.conda#9c37cc233238adf366ea75b0e845662a5be07ceadf62e458183516369340274b
https://conda.anaconda.org/conda-forge/noarch/ca-certificates-2026.7.22-hbd8a1cb_0.conda#0a0544cf95f64394fe4959286f5c71f5444ad58feb0602e53becb27448d24da6
https://conda.anaconda.org/conda-forge/linux-64/cairo-1.18.4-h3394656_0.conda#3bd6a391ad60e471de76c0e9db34986c4b5058587fbf2efa5a7f54645e28c2c7
https://conda.anaconda.org/conda-forge/linux-64/curl-8.21.0-hcf29cc6_1.conda#8eb4ebeae7230110569da734e2420aee84f6977850bae4af94dc7f0b382f9d89
https://conda.anaconda.org/conda-forge/noarch/font-ttf-dejavu-sans-mono-2.37-hab24e00_0.tar.bz2#58d7f40d2940dd0a8aa28651239adbf5613254df0f75789919c4e6762054403b
https://conda.anaconda.org/conda-forge/noarch/font-ttf-inconsolata-3.000-h77eed37_0.tar.bz2#c52a29fdac682c20d252facc50f01e7c2e7ceac52aa9817aaf0bb83f7559ec5c
https://conda.anaconda.org/conda-forge/noarch/font-ttf-source-code-pro-2.038-h77eed37_0.tar.bz2#00925c8c055a2275614b4d983e1df637245e19058d79fc7dd1a93b8d9fb4b139
https://conda.anaconda.org/conda-forge/noarch/font-ttf-ubuntu-0.83-h77eed37_3.conda#2821ec1dc454bd8b9a31d0ed22a7ce22422c0aef163c59f49dfdf915d0f0ca14
https://conda.anaconda.org/conda-forge/linux-64/fontconfig-2.18.3-h4db4eae_1.conda#5a3eb10b18a97223ab06b3a7f0d7f56658db2f2800e2f2af95836fe3bf55ba63
https://conda.anaconda.org/conda-forge/noarch/fonts-conda-ecosystem-1-0.tar.bz2#a997f2f1921bb9c9d76e6fa2f6b408b7fa549edd349a77639c9fe7a23ea93e61
https://conda.anaconda.org/conda-forge/noarch/fonts-conda-forge-1-hc364b38_1.conda#54eea8469786bc2291cc40bca5f46438d3e062a399e8f53f013b6a9f50e98333
https://conda.anaconda.org/conda-forge/linux-64/freetype-2.14.3-ha770c72_2.conda#612a8e0c1a6ecae23da54d81ef395f6ebb5c8e4468ec2611593ebce75876a4e0
https://conda.anaconda.org/conda-forge/linux-64/fribidi-1.0.16-h7cc23a3_2.conda#76dd097bd65d812a9104edb0e266386e152e65928ac5c8eb4f480ce24affc470
https://conda.anaconda.org/conda-forge/linux-64/gcc_impl_linux-64-16.2.0-h176d5d0_4.conda#d09c1e8ae19bc03a6336516fb2b55f09d1b86bbe16242d911dbf4d23f709b5d5
https://conda.anaconda.org/conda-forge/linux-64/gfortran_impl_linux-64-16.2.0-hf930d89_4.conda#0e4aec012059dfdd90ccdb8fff1ee4cbdabf75b8658c7faf01d9f9477947bbcd
https://conda.anaconda.org/conda-forge/linux-64/graphite2-1.3.15-h54a6638_1.conda#7fa3b6a9c081fa3e545573152a788d061a0a0ba57df7251cc0f4f75225fc93e7
https://conda.anaconda.org/conda-forge/linux-64/gsl-2.7-he838d99_0.tar.bz2#132a918b676dd1f533d7c6f95e567abf7081a6ea3251c3280de35ef600e0da87
https://conda.anaconda.org/conda-forge/linux-64/gxx_impl_linux-64-16.2.0-h0d273dc_4.conda#839b4701fa8eb6b315b28ac8a245310b08aec62893a64727d7cabf260467281a
https://conda.anaconda.org/conda-forge/linux-64/harfbuzz-12.2.0-h15599e2_0.conda#6bd8b22beb7d40562b2889dc68232c589ff0d11a5ad3addd41a8570d11f039d9
https://conda.anaconda.org/conda-forge/linux-64/icu-75.1-he02047a_0.conda#71e750d509f5fa3421087ba88ef9a7b9be11c53174af3aa4d06aff4c18b38e8e
https://conda.anaconda.org/conda-forge/noarch/kernel-headers_linux-64-4.18.0-he073ed8_9.conda#41557eeadf641de6aeae49486cef30d02a6912d8da98585d687894afd65b356a
https://conda.anaconda.org/conda-forge/linux-64/keyutils-1.6.3-h7cc23a3_1.conda#dd053c96dcb0dcfd59422aefea9d2fe937a190167f34fba7893ec1e10a7e8963
https://conda.anaconda.org/conda-forge/linux-64/krb5-1.22.2-hbc21106_2.conda#2a5c38c85e63df84c4e69ee71439841ce570d259ae3060627bb9a49a938d66f4
https://conda.anaconda.org/conda-forge/linux-64/ld_impl_linux-64-2.46.1-default_hbd61a6d_102.conda#27d83f1188cd19bcb7754a078b3fa7f4cfb8527f8eb2fde54dd01fc529d1adec
https://conda.anaconda.org/conda-forge/linux-64/lerc-4.2.0-hdb68285_0.conda#bf9fdebf55d8bc99d83531cdffda00703f4dc5f93a1a956768c147362c72feda
https://conda.anaconda.org/conda-forge/linux-64/libblas-3.11.0-11_h4a7cf45_openblas.conda#d942e0c820d60a613a6f786d074f0820fb6343e3f1ccfb110b1d98b44fb75968
https://conda.anaconda.org/conda-forge/linux-64/libcblas-3.11.0-11_h0358290_openblas.conda#f7d1bbdea61cf94ba219d17b2cb571a29830f8025385af799bff5a7ad1ef45e6
https://conda.anaconda.org/conda-forge/linux-64/libcurl-8.21.0-hcf29cc6_1.conda#7d243f45a48f62cb8e3b871dd336137fe0fb90094a191756fb553508837f6338
https://conda.anaconda.org/conda-forge/linux-64/libdeflate-1.25-hd45a770_1.conda#82e134c8a08b1eed9a2ed8ab578b89aa1730dcde3dea8dd87645ed0637878e54
https://conda.anaconda.org/conda-forge/linux-64/libedit-3.1.20250104-pl5321h373387f_1.conda#6473eb8caf2aae830f37caa93db9b26dddf7ac84b63229e8bf7fc0e5c3ab95b0
https://conda.anaconda.org/conda-forge/linux-64/libev-4.33-h280c20c_3.conda#e4418f68d01a6307c4431b585c71b584f40189877364e542ee87deb777f5e85b
https://conda.anaconda.org/conda-forge/linux-64/libexpat-2.8.1-hecca717_1.conda#16feffd9ddbbe5b718515d38ee376c685ba95491cd901244e24671d20b952a77
https://conda.anaconda.org/conda-forge/linux-64/libffi-3.7.0-h81df57d_1.conda#c8c7583ef063bc3c430f1d48298e5ad24f796a35c22ed5b14183325825a61106
https://conda.anaconda.org/conda-forge/linux-64/libfreetype-2.14.3-ha770c72_2.conda#fb12ecb46c30d18d928c0e8fc346ab13b5f6fc8a9cacae4f2f4bb188782586f5
https://conda.anaconda.org/conda-forge/linux-64/libfreetype6-2.14.3-h5e6c136_2.conda#ec607dd5445dd17ff6bf8b7fe6832e5504c226dd91d3aaea7ba83569808b0ce4
https://conda.anaconda.org/conda-forge/linux-64/libgcc-16.2.0-ha9f2e26_4.conda#24090e675d34403b4ee1cd4372d8f6c0937da7ecfd66a19a57cac2ed0f4ea793
https://conda.anaconda.org/conda-forge/noarch/libgcc-devel_linux-64-16.2.0-he3ce08f_104.conda#5365adce4b7564ba3773d037d84070d68ec1269d4b35f3ab92536ee1087a99a5
https://conda.anaconda.org/conda-forge/linux-64/libgcc-ng-16.2.0-h69a702a_4.conda#d8e66c14e23f2b3c70410cff5979d9d357e6edfb990b28d8e630852f4d395629
https://conda.anaconda.org/conda-forge/linux-64/libgfortran-16.2.0-h69a702a_4.conda#7653be4d88a4d74676c38dd892914d027dcecc0c65c406be772d31cb641f8cfd
https://conda.anaconda.org/conda-forge/linux-64/libgfortran-ng-16.2.0-h69a702a_4.conda#3a174113383a21fb67d098dccbfefbbdc761b361539fc9824bebe3d39b88a56b
https://conda.anaconda.org/conda-forge/linux-64/libgfortran5-16.2.0-h6b99dfc_4.conda#a5510cbcea3b9e9ab24b336429de997fa727af1dba323031500a962a20e38600
https://conda.anaconda.org/conda-forge/linux-64/libglib-2.88.3-h569388d_4.conda#63bfc24e180e03e313e53f29046197ae6e2a75e708c8b42e508f52263eaf24aa
https://conda.anaconda.org/conda-forge/linux-64/libgomp-16.2.0-he0feb66_4.conda#0fe5cb8e0752241ab55e11656ed1b9726248b522d23b929fe7c95b83eb55b9bb
https://conda.anaconda.org/conda-forge/linux-64/libiconv-1.18-h0cb94f2_3.conda#f943117edb9cd4d9c61cc972eee5a34291dc55ea7a6e9e38da104995841cbcb6
https://conda.anaconda.org/conda-forge/linux-64/libjpeg-turbo-3.2.0-hb03c661_1.conda#bba8538e6538ed58a8479b332337b96986561f975d06cfa2039a016c2d246ee4
https://conda.anaconda.org/conda-forge/linux-64/liblapack-3.11.0-11_h47877c9_openblas.conda#1ad3f43c9319ef398a8ef45989f4903a06e3965b51e77fc669a4c894168a8411
https://conda.anaconda.org/conda-forge/linux-64/liblzma-5.8.3-hb03c661_1.conda#9787df8c22a59c9a70d3e5a10db9ad663485e75e9ccc3f09bd092cb7b95e0dab
https://conda.anaconda.org/conda-forge/linux-64/libnghttp2-1.68.1-h74cf4be_1.conda#11a2f54a6f391e25738bce0023e6ef499600147bbcf21c1fa69d2e251b03cc6a
https://conda.anaconda.org/conda-forge/linux-64/libnsl-2.0.1-hb9d3cd8_1.conda#927fe72b054277cde6cb82597d0fcf6baf127dcbce2e0a9d8925a68f1265eef5
https://conda.anaconda.org/conda-forge/linux-64/libopenblas-0.3.34-pthreads_hcf972fe_1.conda#b2846ca0b00cc08d248589d289ba891856d4b42da4a3c823be6b2d660bd80a83
https://conda.anaconda.org/conda-forge/linux-64/libpng-1.6.58-h922cc85_1.conda#c19eefb87d70d9b4b0629fa48414a155a47a1be4f04583ae71ed8c5a9a32fdcb
https://conda.anaconda.org/conda-forge/linux-64/libpython-3.11.16-h0c77377_2_cpython.conda#9c945fbdc2292a8a39e412cb99672722c60ddf38b9002a52d5bd5954a0b25844
https://conda.anaconda.org/conda-forge/linux-64/libsanitizer-16.2.0-h3048135_4.conda#d08ce38542e0b7782572dbed7eac9d648aad8fd951a82346d93a5d5a78e50232
https://conda.anaconda.org/conda-forge/linux-64/libsqlite-3.53.4-h0737f62_1.conda#35c05bd0adfaf6fcac01fc3a42214e4e2a44e32f7ce2c77ddae419522c3c328d
https://conda.anaconda.org/conda-forge/linux-64/libssh2-1.11.1-h6154650_1.conda#7e463000fa1cba3f3a6597b776f6ab301d425a96e3bc20d0d9d76a3b9f237aa3
https://conda.anaconda.org/conda-forge/linux-64/libstdcxx-16.2.0-h934c35e_4.conda#40b792b0186c1e8859280a1f6f19a54fc50a11b32724fc7b637009c1a9bd302b
https://conda.anaconda.org/conda-forge/noarch/libstdcxx-devel_linux-64-16.2.0-h86e191b_104.conda#435877f29650022730300859dec5c0dee162d10536e1b6fd01cf93ca33a71fde
https://conda.anaconda.org/conda-forge/linux-64/libstdcxx-ng-16.2.0-hdf11a46_4.conda#4cdebd87b76cf53a58a08ebd6d15336daa79c5f0aa34d83a895ac503c0203632
https://conda.anaconda.org/conda-forge/linux-64/libtiff-4.7.2-hcc2c06a_1.conda#10e125da82ca93e09191e66e5a94d566b2cf8d4024e2a0db3a9114297447e0d9
https://conda.anaconda.org/conda-forge/linux-64/libuuid-2.42.3-hcfc3c73_0.conda#aa58bbba56644ffd062a4a9b358782c5eb7560ccead2ab8f7c5c6ede0a7d33a6
https://conda.anaconda.org/conda-forge/linux-64/libwebp-base-1.6.0-hd42ef1d_1.conda#8415001414f488c85b72b9d8cc2071dfb3981a47bc3c8eb56ef91a57d12eae7f
https://conda.anaconda.org/conda-forge/linux-64/libxcb-1.17.0-hb83e432_2.conda#7b49e6fd2a584b7f072943e6adf4149677af5121246975278804782d37752837
https://conda.anaconda.org/conda-forge/linux-64/libxcrypt-4.4.38-h280c20c_0.conda#f7e9292dd219a6435bbb1223da9586c3e70d66d169c5a92f08db3f2127df04e9
https://conda.anaconda.org/conda-forge/linux-64/libzlib-1.3.2-h25fd6f3_3.conda#eb8a0db0aa570124f7d2a93d7c7f596e3390df5e047818d873baad32985fc736
https://conda.anaconda.org/conda-forge/linux-64/make-4.4.1-hb03c661_3.conda#4c65d2769847778a6d84db6984ac81bcec6f8958d349f1fe57ae040ccc56a801
https://conda.anaconda.org/conda-forge/linux-64/ncurses-6.6-hdb14827_1.conda#5d46557214ed184381dafe835b7c94a474a1c3b307a08a250b1ea4779b44ffb3
https://conda.anaconda.org/conda-forge/linux-64/numpy-2.4.6-py311h2e04523_0.conda#8e8fb64c1a51282e8940d57d116aec54a4d66da59594973ae9c0b35d419b9a81
https://conda.anaconda.org/conda-forge/linux-64/openssl-3.6.4-h781a0a9_0.conda#4747b2d6a8336f52343bceb8a1ebf41a9e6e665b9d2e3f989972de53a310599e
https://conda.anaconda.org/conda-forge/noarch/packaging-26.3-pyhc364b38_0.conda#c432626b16768b8dab228bfb706f7060c2d462a21c516d240f68f2f902b5a044
https://conda.anaconda.org/conda-forge/linux-64/pandas-2.2.3-py311h7db5c69_3.conda#98cd49bfc4b803d950f9dbc4799793903aec1eaacd388c244a0b46d644159831
https://conda.anaconda.org/conda-forge/linux-64/pango-1.56.4-hadf4263_0.conda#3613774ad27e48503a3a6a9d72017087ea70f1426f6e5541dbdb59a3b626eaaf
https://conda.anaconda.org/conda-forge/linux-64/pcre2-10.47-h8b3dc9c_1.conda#9ebb10a4eb3be51ae67d85c679f5a7a50cb040ed25c783e6331a225ea09991d4
https://conda.anaconda.org/conda-forge/noarch/pip-26.2.1-pyh8b19718_0.conda#c205bae42eb11b364fe3663a817cbcbc20a8ef544c6b2ff6f391013487117259
https://conda.anaconda.org/conda-forge/linux-64/pixman-0.46.4-h54a6638_3.conda#829d8288764282de5a9f7b9169acb75cc7dc0b6c3fe2535cfe87dea3436bbc5d
https://conda.anaconda.org/conda-forge/linux-64/pthread-stubs-0.4-h7cc23a3_1004.conda#4a44fd00ea73b79ca2c89b0727b9ccf61c506ead71e67a9abfa4c590042b5a4a
https://conda.anaconda.org/conda-forge/linux-64/python-3.11.16-h5f976f7_2_cpython.conda#35375a255970809e8b0a1c744d56533f4da5339769ef5f5a24fe165ca321fcf3
https://conda.anaconda.org/conda-forge/noarch/python-dateutil-2.9.0.post0-pyhe01879c_2.conda#d6a17ece93bbd5139e02d2bd7dbfa80bee1a4261dced63f65f679121686bf664
https://conda.anaconda.org/conda-forge/noarch/python-tzdata-2026.3-pyhd8ed1ab_0.conda#3f05db78cf8be33cf6dbc469664b8e3a01f3980d61d6d6bef48669b171896d8a
https://conda.anaconda.org/conda-forge/noarch/python_abi-3.11-9_cp311.conda#bcfbad269758f4617035314fe379ee655bc2d9db5282e7a00d61450b7cefa3cf
https://conda.anaconda.org/conda-forge/noarch/pytz-2026.3.post1-pyhcf101f3_0.conda#ad774abda71c759baef515983bfedbba34d56d6227974c23715c04612f812a90
https://conda.anaconda.org/conda-forge/noarch/r-abind-1.4_5-r43hc72bb7e_1006.conda#c70b75fbc7f7b30937b6f3f2faeb036a9105b39a0bca025ca5bef915eb17ac29
https://conda.anaconda.org/conda-forge/linux-64/r-ape-5.8_1-r43h3704496_1.conda#1b5c831740e6ed4b6c579fda94e85230719acfedbb57ab92243930d126dec881
https://conda.anaconda.org/conda-forge/noarch/r-assertthat-0.2.1-r43hc72bb7e_5.conda#3d223a5f549174bce4085faa75d68550e6cadef8d34691340b7fe59a76a7d1ac
https://conda.anaconda.org/conda-forge/linux-64/r-backports-1.5.0-r43hb1dbf0f_1.conda#1956bb988860b03d6b8d8a103a001af8b3e09f22c2f8417b5f23ee0f78891e15
https://conda.anaconda.org/conda-forge/linux-64/r-base-4.3.3-hc28aa72_21.conda#4d38a0987f88364bb244d21eb5fd8145e3061f0f565f13299946da7342fdac33
https://conda.anaconda.org/conda-forge/linux-64/r-checkmate-2.3.3-r43h54b55ab_0.conda#045be1080f91b783e8803d71d788eab98755bc6c56e3e45201ee9a4af78aea28
https://conda.anaconda.org/conda-forge/linux-64/r-cli-3.6.5-r43h93ab643_0.conda#50161a9f3a7c24d27c949329ab7090b4e2e0da2925880371b32500057c1bcd52
https://conda.anaconda.org/conda-forge/noarch/r-coda-0.19_4.1-r43hc72bb7e_1.conda#d76559edc685495adf4b53e60f21acaef04f94bcfaea9c75ef4b57f453c977c9
https://conda.anaconda.org/conda-forge/linux-64/r-colorspace-2.1_1-r43hdb488b9_0.conda#c1efd34c7e63f21f6cf615ecae5a2c07b8bd19006aae2904922fa3a0870178d7
https://conda.anaconda.org/conda-forge/noarch/r-cpp11-0.5.2-r43h785f33e_1.conda#df0f798533937a024c560406275d718adf1b063b7ac748449417099d0aec96cb
https://conda.anaconda.org/conda-forge/noarch/r-crayon-1.5.3-r43hc72bb7e_1.conda#77764ea98025668e324e334e1095fa7454f6157c0fbb80987749110931f88ad3
https://conda.anaconda.org/conda-forge/linux-64/r-digest-0.6.37-r43h0d4f4ea_0.conda#fa6b14abad4345d72adecf5b7e80948ead2d85a511bf6962014c758614f74868
https://conda.anaconda.org/conda-forge/noarch/r-distributional-0.5.0-r43hc72bb7e_0.conda#c49a156429549a116f12b0a7b97614f1a263820f53c3e697506571a2d681c972
https://conda.anaconda.org/conda-forge/linux-64/r-dplyr-1.1.4-r43h0d4f4ea_1.conda#7b0d0477b5d35f1a0fa552d82566ede4e2a0256685b6f8fb8b1ed6bce1365452
https://conda.anaconda.org/conda-forge/linux-64/r-ellipsis-0.3.2-r43hb1dbf0f_3.conda#f9c29817821721080e1995b9db966b6618372f9c5167e33742289ae97ace35a7
https://conda.anaconda.org/conda-forge/linux-64/r-fansi-1.0.6-r43hb1dbf0f_1.conda#21ad2a8e582dc1a11acf078c042f753cbbdc52b07510dd8a3f9d49e673f88902
https://conda.anaconda.org/conda-forge/linux-64/r-farver-2.1.2-r43ha18555a_1.conda#82e8f627e1b0d86f91f04b6b60611fb864128a4ff81903d38810e49512372f1f
https://conda.anaconda.org/conda-forge/noarch/r-generics-0.1.4-r43hc72bb7e_0.conda#74a0d1924f1c697ee32ba5f4c0f71fd79cca378bd00155168db745d4d50304a2
https://conda.anaconda.org/conda-forge/noarch/r-ggplot2-3.5.2-r43hc72bb7e_0.conda#fa102880aaa7c52bdd528f49b0340bc147d3a2aeb3fe2a323bed93e36b63ea07
https://conda.anaconda.org/conda-forge/linux-64/r-glue-1.8.0-r43h2b5f3a1_0.conda#386032769e36683b23c360815e2c29048ea71d5a074b3d5f46f8bc6806492073
https://conda.anaconda.org/conda-forge/noarch/r-gtable-0.3.6-r43hc72bb7e_0.conda#954abe7ea7ac7b07d9c3dec4bba49eb05af2edbba189734f6c17b41cd963286f
https://conda.anaconda.org/conda-forge/noarch/r-hms-1.1.3-r43hc72bb7e_2.conda#5226a1f005948a7cc2426183d06f03a55e51abdc78e7574db7d43f9824bdc761
https://conda.anaconda.org/conda-forge/linux-64/r-isoband-0.2.7-r43ha18555a_3.conda#dc617b350611976a580ece3be3e28807d0eee1fbb5964a61c8f99c8e70512ac9
https://conda.anaconda.org/conda-forge/noarch/r-janitor-2.2.1-r43hc72bb7e_0.conda#6fea28fca6e2b3e7bb1452f0ef20b9d15b6718dffe209e183deec4ec1f991718
https://conda.anaconda.org/conda-forge/noarch/r-labeling-0.4.3-r43hc72bb7e_1.conda#f0ec797acb95738cb39a9544de112f08198b6370eaea7a30beba3d93939ca6d8
https://conda.anaconda.org/conda-forge/linux-64/r-lattice-0.22_7-r43h2b5f3a1_0.conda#79cd66c7cd01ac6862ae977595707c87419e80473c55348a2a5f2b8348f90aea
https://conda.anaconda.org/conda-forge/noarch/r-lifecycle-1.0.4-r43hc72bb7e_1.conda#3fa1744d7bbce2f10dfb956f51bf92b11cde4d27b6f94b52d1e77e5e75a1f937
https://conda.anaconda.org/conda-forge/linux-64/r-lubridate-1.9.4-r43h2b5f3a1_0.conda#b8ca00db70eb183106f36fea6908a102ad993243488aa96fc5700b3b2fe92f05
https://conda.anaconda.org/conda-forge/linux-64/r-magrittr-2.0.3-r43hb1dbf0f_3.conda#7812c24da1b48c408bcfac9c7b0ea76fec952e8948b4fc28c4579822e8712b60
https://conda.anaconda.org/conda-forge/linux-64/r-mass-7.3_60.0.1-r43hb1dbf0f_1.conda#fada325f851e7b6c96d0ccadc5e99010e7286fda9e72fb0faad825520b1b7894
https://conda.anaconda.org/conda-forge/linux-64/r-matrix-1.6_5-r43he966344_1.conda#a3d9fc01743db20f98a85c026652dc54bb5086819f0fd0801cf3a13345026b2d
https://conda.anaconda.org/conda-forge/linux-64/r-matrixstats-1.5.0-r43h2b5f3a1_0.conda#5717afb7497bf42866418a37bd628ec15bb051492168f91642212ed541f6840c
https://conda.anaconda.org/conda-forge/linux-64/r-mgcv-1.9_3-r43h2ae2be5_0.conda#86ac34cfeacf42b889fa09af828d04725fe0e11365af28e05a463506851d8c11
https://conda.anaconda.org/conda-forge/noarch/r-munsell-0.5.1-r43hc72bb7e_1.conda#29c4e7b63e8b76041f2156fecd245eb8b18a961d724e881e1a90497b3d152285
https://conda.anaconda.org/conda-forge/linux-64/r-nlme-3.1_168-r43hb67ce94_0.conda#27d60f6272d44b7d8f6f6fd708f4a0922a304adee21467abb16f8d98db6b72d2
https://conda.anaconda.org/conda-forge/noarch/r-numderiv-2016.8_1.1-r43hc72bb7e_6.conda#1853b6cd63a1bd747d2eb2866a890431fa9cc56d9e49f8223ce6c85be7598bbb
https://conda.anaconda.org/conda-forge/noarch/r-pillar-1.11.0-r43hc72bb7e_0.conda#612d2104e30e466439993ee3bf4a3068f5ca81cb3fefa209cd8842ae7820a8ef
https://conda.anaconda.org/conda-forge/noarch/r-pkgconfig-2.0.3-r43hc72bb7e_4.conda#165008a79554f27704737d56b89b3c7298adaf56d5c70d4004dd95ae99c64b20
https://conda.anaconda.org/conda-forge/noarch/r-posterior-1.6.0-r43hc72bb7e_1.conda#7a2b3b109a10bf2359d803b81b860946872f58c8a60fc50a733309bfa7357f21
https://conda.anaconda.org/conda-forge/noarch/r-prettyunits-1.2.0-r43hc72bb7e_1.conda#24ba3435344c08325190abe3e515364639634639f6772e9aa3c82adba0768bdc
https://conda.anaconda.org/conda-forge/noarch/r-progress-1.2.3-r43hc72bb7e_1.conda#4d106ab46647ac469ca879fb1b26bf5e50ed50a40e0aeced67014c7c8a865c21
https://conda.anaconda.org/conda-forge/linux-64/r-purrr-1.1.0-r43h54b55ab_0.conda#10185fd77275eff5df238a716288dd5a6ad6712af4b15894bef8e8f9a350b008
https://conda.anaconda.org/conda-forge/noarch/r-r6-2.6.1-r43hc72bb7e_0.conda#7da19f2c4302ab73d947604c90c6578d97bb8da769b28d2a493a3900c8cadd9c
https://conda.anaconda.org/conda-forge/noarch/r-rcolorbrewer-1.1_3-r43h785f33e_3.conda#830a208355b612b1e548ff0be5df46b1ad2b41c9303cafb9bb99047b4727b0fd
https://conda.anaconda.org/conda-forge/linux-64/r-rcpp-1.1.0-r43h93ab643_0.conda#a67dcf539995644d61cf8309e37ea5e6266757ca2fac2f823056eac19abb1b2c
https://conda.anaconda.org/conda-forge/linux-64/r-rlang-1.1.6-r43h93ab643_0.conda#abffd4a1a86b16a3ef3fa56f9eb8a94502f353092e91332fe533a7e14eafbc19
https://conda.anaconda.org/conda-forge/noarch/r-scales-1.4.0-r43hc72bb7e_0.conda#327f489acea0a1057de4f8f9869283f960136006a6c59fe92e7594d5f5647a2d
https://conda.anaconda.org/conda-forge/noarch/r-snakecase-0.11.1-r43hc72bb7e_1.conda#02256c9ccf249ed3053b466b0d1ce754d121b167fc5bb63874eed9ce10f75797
https://conda.anaconda.org/conda-forge/linux-64/r-stringi-1.8.7-r43h3c328a7_0.conda#1a7f536d3a515f036434c5b4e0ec902981e072efae8be0758cf951d90f37ef9a
https://conda.anaconda.org/conda-forge/noarch/r-stringr-1.5.2-r43h785f33e_0.conda#bc37452f8aa402d40edb58e4974660e6ed37e305eab44b6c52da5776abff199e
https://conda.anaconda.org/conda-forge/linux-64/r-tensora-0.36.2.1-r43hb1dbf0f_1.conda#3dd89a44154fd36f239d0b8f2d0454000ddc65161254fd6338588f30e7ec3218
https://conda.anaconda.org/conda-forge/linux-64/r-tibble-3.3.0-r43h2b5f3a1_0.conda#fff2641f31b314a5d1c5f71e2ec36eb2b8e808e0376d5fc3c4db836230ef717e
https://conda.anaconda.org/conda-forge/linux-64/r-tidyr-1.3.1-r43h0d4f4ea_1.conda#ed3441377e331540aeb2790c741770d2396672751117f665edaa75745b12cae8
https://conda.anaconda.org/conda-forge/noarch/r-tidyselect-1.2.1-r43hc72bb7e_1.conda#47d2aa15d4dd24630c1d22612717043392b6d7d71f62debdb4b5daada7074761
https://conda.anaconda.org/conda-forge/linux-64/r-timechange-0.3.0-r43ha18555a_1.conda#c7e6b5f2f394b589825e2fa7ef42b54db45efcd32f51278b7d0f271c1cfc4fc9
https://conda.anaconda.org/conda-forge/linux-64/r-utf8-1.2.6-r43h2b5f3a1_0.conda#fd2677c1425d34fdc02b0b8a1a1559749018ec56a73d7656ad519771367cf8f0
https://conda.anaconda.org/conda-forge/linux-64/r-vctrs-0.6.5-r43h0d4f4ea_1.conda#f0d086f275bbd590678e3bc43b7a8ac7e4402a15727efdff0308b16efcbeac03
https://conda.anaconda.org/conda-forge/noarch/r-viridislite-0.4.2-r43hc72bb7e_2.conda#03ee114f1194bd5ca6f2bfeb9aac61f170ffc6ec23920371bd3cd26e8d6cb9b2
https://conda.anaconda.org/conda-forge/noarch/r-withr-3.0.2-r43hc72bb7e_0.conda#a23c7736286776328ba71f2922c533c59e09b8f11516aed13d1b6b282f14f57a
https://conda.anaconda.org/conda-forge/linux-64/readline-8.3-hd6e31c0_1.conda#01b3fe073a66e321970d09e04b388708f8cbdca5cdfbfcb7c9eeb470ad10383d
https://conda.anaconda.org/conda-forge/linux-64/sed-4.10-h19d0853_0.conda#b013d2085ce4ac01daec7b30472e9f3b6c2d69eb3a3a85a6cee3e01a3cb4f61a
https://conda.anaconda.org/conda-forge/noarch/setuptools-84.0.0-pyh332efcf_0.conda#9e200ee5f9ff19a4d94e4b51c4856d53dec849f91032f345cf0c6bc3d51a7183
https://conda.anaconda.org/conda-forge/noarch/six-1.17.0-pyhe01879c_1.conda#458227f759d5e3fcec5d9b7acce54e10c9e1f4f4b7ec978f3bfd54ce4ee9853d
https://conda.anaconda.org/conda-forge/noarch/sysroot_linux-64-2.28-h4ee821c_9.conda#c47299fe37aebb0fcf674b3be588e67e4afb86225be4b0d452c7eb75c086b851
https://conda.anaconda.org/conda-forge/linux-64/tk-8.6.13-noxft_h1df4ec4_4.conda#a1a241d172c1ccab067ba245206dd048bc3c2d1b84504b53c9468e99adfc16a1
https://conda.anaconda.org/conda-forge/linux-64/tktable-2.10-h0eb2ad0_11.conda#14096a4de75555f72db8e2b9a76e202623169de1a81330684dedb3be70010537
https://conda.anaconda.org/conda-forge/noarch/tzdata-2026c-h151e31d_0.conda#b928c30ddcb0e3f544c6eade8352737e6e610e263276b90232db6a578ef899d8
https://conda.anaconda.org/conda-forge/noarch/wheel-0.48.0-pyhd8ed1ab_0.conda#ba64b29b6d418024cb565081a1799262cb2780d2534ff4c14f76aa858c4286cd
https://conda.anaconda.org/conda-forge/linux-64/xorg-libice-1.1.2-h280c20c_0.conda#49b532d1df875c6749d9078b56a76f3f5db49a5abe0ca620b593ed474ef0ebf1
https://conda.anaconda.org/conda-forge/linux-64/xorg-libsm-1.2.6-h0d788c3_1.conda#ef907caee0665cf3b0f775602cc50e388e3bade8ce22ecade0873ff26604b2fd
https://conda.anaconda.org/conda-forge/linux-64/xorg-libx11-1.8.13-he1eb515_1.conda#68053eebfa9f0d91666786c8fb5839d989aa9b869add92cb8815228bb2d7302c
https://conda.anaconda.org/conda-forge/linux-64/xorg-libxau-1.0.12-h7cc23a3_2.conda#3ec065b94554dc48a4ca582a960a5484bc166b26e83ce0954653e08d17e8bd53
https://conda.anaconda.org/conda-forge/linux-64/xorg-libxdmcp-1.1.5-hb03c661_2.conda#c50a16c05ccd7fe7dd6d6cfb539f4e9a491d50f9ed7a5c902fec638f7d0d27be
https://conda.anaconda.org/conda-forge/linux-64/xorg-libxext-1.3.7-h7cc23a3_1.conda#aa9bbe8b278aacc194e280ff5037f9f9a1f2c5b33ed97de8e7f01cfbe90dda43
https://conda.anaconda.org/conda-forge/linux-64/xorg-libxrender-0.9.12-hb03c661_1.conda#6901f91d398811e4ec89d7e20a69abac02a7bfebfaf073338b7ea3d1a99685b7
https://conda.anaconda.org/conda-forge/linux-64/xorg-libxt-1.3.1-h7cc23a3_1.conda#dff31677674be86f98ee929a796edf2cf7c78bf38610b122a63af9af752d5bf7
https://conda.anaconda.org/conda-forge/linux-64/zstd-1.5.7-hb78ec9c_7.conda#47d682b9f6d6ec9eb1a6e6c3e75ea6273e899e78fb7fc59f81d39745009fbc60
